
Microsoft Visual Studio Solution File, Format Version 12.00
# Visual Studio 15
VisualStudioVersion = 15.0.27428.2037
MinimumVisualStudioVersion = 10.0.40219.1
Project("{8BC9CEB8-8B4A-11D0-8D11-00A0C91BC942}") = "FSD", "FSDefender\FSDefender.vcxproj", "{F903A923-70DC-4726-BEC2-BD174FD2220D}"
	ProjectSection(ProjectDependencies) = postProject
		{89964F63-08C7-4356-AE31-E71B059E54DA} = {89964F63-08C7-4356-AE31-E71B059E54DA}
	EndProjectSection
EndProject
Project("{2150E333-8FDC-42A3-9474-1A3956D46DE8}") = "FIlter", "FIlter", "{6877CD56-A30C-4D90-9FAD-E52DBC574A04}"
EndProject
Project("{2150E333-8FDC-42A3-9474-1A3956D46DE8}") = "User", "User", "{F63D630E-9D2A-47CC-A4A7-0AE57109255B}"
EndProject
Project("{8BC9CEB8-8B4A-11D0-8D11-00A0C91BC942}") = "FSDManager", "FSDManager\FSDManager.vcxproj", "{F59848EE-721C-4C80-A6A3-ED074C3B9C0B}"
	ProjectSection(ProjectDependencies) = postProject
		{70B2E1D3-98B7-4409-AF61-2AA7BC7DFCC0} = {70B2E1D3-98B7-4409-AF61-2AA7BC7DFCC0}
	EndProjectSection
EndProject
Project("{2150E333-8FDC-42A3-9474-1A3956D46DE8}") = "CommonDefs", "CommonDefs", "{C5AEC6DE-6881-4BB1-ADB0-6240894C84BF}"
	ProjectSection(SolutionItems) = preProject
		FSDCommonDefs\FSDCommonDefs.h = FSDCommonDefs\FSDCommonDefs.h
	EndProjectSection
EndProject
Project("{2150E333-8FDC-42A3-9474-1A3956D46DE8}") = "CommonUtils", "CommonUtils", "{CAF0118F-2261-4F98-ACCC-07AB578D1EF3}"
EndProject
Project("{8BC9CEB8-8B4A-11D0-8D11-00A0C91BC942}") = "FSDKmCommonUtils", "FSDKmCommonUtils\FSDKmCommonUtils.vcxproj", "{89964F63-08C7-4356-AE31-E71B059E54DA}"
EndProject
Project("{8BC9CEB8-8B4A-11D0-8D11-00A0C91BC942}") = "FSDUmCommonUtils", "FSDUmCommonUtils\FSDUmCommonUtils.vcxproj", "{70B2E1D3-98B7-4409-AF61-2AA7BC7DFCC0}"
EndProject
Global
	GlobalSection(SolutionConfigurationPlatforms) = preSolution
		Debug|ARM = Debug|ARM
		Debug|ARM64 = Debug|ARM64
		Debug|x64 = Debug|x64
		Debug|x86 = Debug|x86
		Release|ARM = Release|ARM
		Release|ARM64 = Release|ARM64
		Release|x64 = Release|x64
		Release|x86 = Release|x86
	EndGlobalSection
	GlobalSection(ProjectConfigurationPlatforms) = postSolution
		{F903A923-70DC-4726-BEC2-BD174FD2220D}.Debug|ARM.ActiveCfg = Debug|ARM
		{F903A923-70DC-4726-BEC2-BD174FD2220D}.Debug|ARM.Build.0 = Debug|ARM
		{F903A923-70DC-4726-BEC2-BD174FD2220D}.Debug|ARM.Deploy.0 = Debug|ARM
		{F903A923-70DC-4726-BEC2-BD174FD2220D}.Debug|ARM64.ActiveCfg = Debug|ARM64
		{F903A923-70DC-4726-BEC2-BD174FD2220D}.Debug|ARM64.Build.0 = Debug|ARM64
		{F903A923-70DC-4726-BEC2-BD174FD2220D}.Debug|ARM64.Deploy.0 = Debug|ARM64
		{F903A923-70DC-4726-BEC2-BD174FD2220D}.Debug|x64.ActiveCfg = Debug|x64
		{F903A923-70DC-4726-BEC2-BD174FD2220D}.Debug|x64.Build.0 = Debug|x64
		{F903A923-70DC-4726-BEC2-BD174FD2220D}.Debug|x64.Deploy.0 = Debug|x64
		{F903A923-70DC-4726-BEC2-BD174FD2220D}.Debug|x86.ActiveCfg = Debug|Win32
		{F903A923-70DC-4726-BEC2-BD174FD2220D}.Debug|x86.Build.0 = Debug|Win32
		{F903A923-70DC-4726-BEC2-BD174FD2220D}.Debug|x86.Deploy.0 = Debug|Win32
		{F903A923-70DC-4726-BEC2-BD174FD2220D}.Release|ARM.ActiveCfg = Release|ARM
		{F903A923-70DC-4726-BEC2-BD174FD2220D}.Release|ARM.Build.0 = Release|ARM
		{F903A923-70DC-4726-BEC2-BD174FD2220D}.Release|ARM.Deploy.0 = Release|ARM
		{F903A923-70DC-4726-BEC2-BD174FD2220D}.Release|ARM64.ActiveCfg = Release|ARM64
		{F903A923-70DC-4726-BEC2-BD174FD2220D}.Release|ARM64.Build.0 = Release|ARM64
		{F903A923-70DC-4726-BEC2-BD174FD2220D}.Release|ARM64.Deploy.0 = Release|ARM64
		{F903A923-70DC-4726-BEC2-BD174FD2220D}.Release|x64.ActiveCfg = Release|x64
		{F903A923-70DC-4726-BEC2-BD174FD2220D}.Release|x64.Build.0 = Release|x64
		{F903A923-70DC-4726-BEC2-BD174FD2220D}.Release|x64.Deploy.0 = Release|x64
		{F903A923-70DC-4726-BEC2-BD174FD2220D}.Release|x86.ActiveCfg = Release|Win32
		{F903A923-70DC-4726-BEC2-BD174FD2220D}.Release|x86.Build.0 = Release|Win32
		{F903A923-70DC-4726-BEC2-BD174FD2220D}.Release|x86.Deploy.0 = Release|Win32
		{F59848EE-721C-4C80-A6A3-ED074C3B9C0B}.Debug|ARM.ActiveCfg = Debug|ARM
		{F59848EE-721C-4C80-A6A3-ED074C3B9C0B}.Debug|ARM.Build.0 = Debug|ARM
		{F59848EE-721C-4C80-A6A3-ED074C3B9C0B}.Debug|ARM64.ActiveCfg = Debug|ARM64
		{F59848EE-721C-4C80-A6A3-ED074C3B9C0B}.Debug|ARM64.Build.0 = Debug|ARM64
		{F59848EE-721C-4C80-A6A3-ED074C3B9C0B}.Debug|x64.ActiveCfg = Debug|x64
		{F59848EE-721C-4C80-A6A3-ED074C3B9C0B}.Debug|x64.Build.0 = Debug|x64
		{F59848EE-721C-4C80-A6A3-ED074C3B9C0B}.Debug|x86.ActiveCfg = Debug|Win32
		{F59848EE-721C-4C80-A6A3-ED074C3B9C0B}.Debug|x86.Build.0 = Debug|Win32
		{F59848EE-721C-4C80-A6A3-ED074C3B9C0B}.Release|ARM.ActiveCfg = Release|ARM
		{F59848EE-721C-4C80-A6A3-ED074C3B9C0B}.Release|ARM.Build.0 = Release|ARM
		{F59848EE-721C-4C80-A6A3-ED074C3B9C0B}.Release|ARM64.ActiveCfg = Release|ARM64
		{F59848EE-721C-4C80-A6A3-ED074C3B9C0B}.Release|ARM64.Build.0 = Release|ARM64
		{F59848EE-721C-4C80-A6A3-ED074C3B9C0B}.Release|x64.ActiveCfg = Release|x64
		{F59848EE-721C-4C80-A6A3-ED074C3B9C0B}.Release|x64.Build.0 = Release|x64
		{F59848EE-721C-4C80-A6A3-ED074C3B9C0B}.Release|x86.ActiveCfg = Release|Win32
		{F59848EE-721C-4C80-A6A3-ED074C3B9C0B}.Release|x86.Build.0 = Release|Win32
		{89964F63-08C7-4356-AE31-E71B059E54DA}.Debug|ARM.ActiveCfg = Debug|ARM
		{89964F63-08C7-4356-AE31-E71B059E54DA}.Debug|ARM.Build.0 = Debug|ARM
		{89964F63-08C7-4356-AE31-E71B059E54DA}.Debug|ARM.Deploy.0 = Debug|ARM
		{89964F63-08C7-4356-AE31-E71B059E54DA}.Debug|ARM64.ActiveCfg = Debug|ARM64
		{89964F63-08C7-4356-AE31-E71B059E54DA}.Debug|ARM64.Build.0 = Debug|ARM64
		{89964F63-08C7-4356-AE31-E71B059E54DA}.Debug|ARM64.Deploy.0 = Debug|ARM64
		{89964F63-08C7-4356-AE31-E71B059E54DA}.Debug|x64.ActiveCfg = Debug|x64
		{89964F63-08C7-4356-AE31-E71B059E54DA}.Debug|x64.Build.0 = Debug|x64
		{89964F63-08C7-4356-AE31-E71B059E54DA}.Debug|x64.Deploy.0 = Debug|x64
		{89964F63-08C7-4356-AE31-E71B059E54DA}.Debug|x86.ActiveCfg = Debug|Win32
		{89964F63-08C7-4356-AE31-E71B059E54DA}.Debug|x86.Build.0 = Debug|Win32
		{89964F63-08C7-4356-AE31-E71B059E54DA}.Debug|x86.Deploy.0 = Debug|Win32
		{89964F63-08C7-4356-AE31-E71B059E54DA}.Release|ARM.ActiveCfg = Release|ARM
		{89964F63-08C7-4356-AE31-E71B059E54DA}.Release|ARM.Build.0 = Release|ARM
		{89964F63-08C7-4356-AE31-E71B059E54DA}.Release|ARM.Deploy.0 = Release|ARM
		{89964F63-08C7-4356-AE31-E71B059E54DA}.Release|ARM64.ActiveCfg = Release|ARM64
		{89964F63-08C7-4356-AE31-E71B059E54DA}.Release|ARM64.Build.0 = Release|ARM64
		{89964F63-08C7-4356-AE31-E71B059E54DA}.Release|ARM64.Deploy.0 = Release|ARM64
		{89964F63-08C7-4356-AE31-E71B059E54DA}.Release|x64.ActiveCfg = Release|x64
		{89964F63-08C7-4356-AE31-E71B059E54DA}.Release|x64.Build.0 = Release|x64
		{89964F63-08C7-4356-AE31-E71B059E54DA}.Release|x64.Deploy.0 = Release|x64
		{89964F63-08C7-4356-AE31-E71B059E54DA}.Release|x86.ActiveCfg = Release|Win32
		{89964F63-08C7-4356-AE31-E71B059E54DA}.Release|x86.Build.0 = Release|Win32
		{89964F63-08C7-4356-AE31-E71B059E54DA}.Release|x86.Deploy.0 = Release|Win32
		{70B2E1D3-98B7-4409-AF61-2AA7BC7DFCC0}.Debug|ARM.ActiveCfg = Debug|Win32
		{70B2E1D3-98B7-4409-AF61-2AA7BC7DFCC0}.Debug|ARM64.ActiveCfg = Debug|Win32
		{70B2E1D3-98B7-4409-AF61-2AA7BC7DFCC0}.Debug|x64.ActiveCfg = Debug|x64
		{70B2E1D3-98B7-4409-AF61-2AA7BC7DFCC0}.Debug|x64.Build.0 = Debug|x64
		{70B2E1D3-98B7-4409-AF61-2AA7BC7DFCC0}.Debug|x86.ActiveCfg = Debug|Win32
		{70B2E1D3-98B7-4409-AF61-2AA7BC7DFCC0}.Debug|x86.Build.0 = Debug|Win32
		{70B2E1D3-98B7-4409-AF61-2AA7BC7DFCC0}.Release|ARM.ActiveCfg = Release|Win32
		{70B2E1D3-98B7-4409-AF61-2AA7BC7DFCC0}.Release|ARM64.ActiveCfg = Release|Win32
		{70B2E1D3-98B7-4409-AF61-2AA7BC7DFCC0}.Release|x64.ActiveCfg = Release|x64
		{70B2E1D3-98B7-4409-AF61-2AA7BC7DFCC0}.Release|x64.Build.0 = Release|x64
		{70B2E1D3-98B7-4409-AF61-2AA7BC7DFCC0}.Release|x86.ActiveCfg = Release|Win32
		{70B2E1D3-98B7-4409-AF61-2AA7BC7DFCC0}.Release|x86.Build.0 = Release|Win32
	EndGlobalSection
	GlobalSection(SolutionProperties) = preSolution
		HideSolutionNode = FALSE
	EndGlobalSection
	GlobalSection(NestedProjects) = preSolution
		{F903A923-70DC-4726-BEC2-BD174FD2220D} = {6877CD56-A30C-4D90-9FAD-E52DBC574A04}
		{F59848EE-721C-4C80-A6A3-ED074C3B9C0B} = {F63D630E-9D2A-47CC-A4A7-0AE57109255B}
		{89964F63-08C7-4356-AE31-E71B059E54DA} = {CAF0118F-2261-4F98-ACCC-07AB578D1EF3}
		{70B2E1D3-98B7-4409-AF61-2AA7BC7DFCC0} = {CAF0118F-2261-4F98-ACCC-07AB578D1EF3}
	EndGlobalSection
	GlobalSection(ExtensibilityGlobals) = postSolution
		SolutionGuid = {8B7DD4B2-FF56-4739-8E69-BCD2E8AEDBA0}
	EndGlobalSection
EndGlobal
